
Microsoft Visual Studio Solution File, Format Version 12.00
# Visual Studio Version 17
VisualStudioVersion = 17.14.37216.2 d17.14
MinimumVisualStudioVersion = 10.0.40219.1
Project("{FAE04EC0-301F-11D3-BF4B-00C04F79EFBC}") = "DeepMatch.WebApi", "DeepMatch.WebApi\DeepMatch.WebApi.csproj", "{350AB4F8-5903-4113-97D5-D27794F78DFD}"
EndProject
Project("{FAE04EC0-301F-11D3-BF4B-00C04F79EFBC}") = "DeepMatch.Domain", "DeepMatch.Domain\DeepMatch.Domain.csproj", "{90E472E2-3625-4930-87C4-015C4020FC19}"
EndProject
Project("{FAE04EC0-301F-11D3-BF4B-00C04F79EFBC}") = "DeepMatch.Application", "DeepMatch.Application\DeepMatch.Application.csproj", "{8182A982-1754-4510-AD8B-0BEA98C34286}"
EndProject
Project("{FAE04EC0-301F-11D3-BF4B-00C04F79EFBC}") = "DeepMatch.Infrastructure", "DeepMatch.Infrastructure\DeepMatch.Infrastructure.csproj", "{26A011E1-B8FA-422D-B0A5-6342E8E86A63}"
EndProject
Global
	GlobalSection(SolutionConfigurationPlatforms) = preSolution
		Debug|Any CPU = Debug|Any CPU
		Release|Any CPU = Release|Any CPU
	EndGlobalSection
	GlobalSection(ProjectConfigurationPlatforms) = postSolution
		{350AB4F8-5903-4113-97D5-D27794F78DFD}.Debug|Any CPU.ActiveCfg = Debug|Any CPU
		{350AB4F8-5903-4113-97D5-D27794F78DFD}.Debug|Any CPU.Build.0 = Debug|Any CPU
		{350AB4F8-5903-4113-97D5-D27794F78DFD}.Release|Any CPU.ActiveCfg = Release|Any CPU
		{350AB4F8-5903-4113-97D5-D27794F78DFD}.Release|Any CPU.Build.0 = Release|Any CPU
		{90E472E2-3625-4930-87C4-015C4020FC19}.Debug|Any CPU.ActiveCfg = Debug|Any CPU
		{90E472E2-3625-4930-87C4-015C4020FC19}.Debug|Any CPU.Build.0 = Debug|Any CPU
		{90E472E2-3625-4930-87C4-015C4020FC19}.Release|Any CPU.ActiveCfg = Release|Any CPU
		{90E472E2-3625-4930-87C4-015C4020FC19}.Release|Any CPU.Build.0 = Release|Any CPU
		{8182A982-1754-4510-AD8B-0BEA98C34286}.Debug|Any CPU.ActiveCfg = Debug|Any CPU
		{8182A982-1754-4510-AD8B-0BEA98C34286}.Debug|Any CPU.Build.0 = Debug|Any CPU
		{8182A982-1754-4510-AD8B-0BEA98C34286}.Release|Any CPU.ActiveCfg = Release|Any CPU
		{8182A982-1754-4510-AD8B-0BEA98C34286}.Release|Any CPU.Build.0 = Release|Any CPU
		{26A011E1-B8FA-422D-B0A5-6342E8E86A63}.Debug|Any CPU.ActiveCfg = Debug|Any CPU
		{26A011E1-B8FA-422D-B0A5-6342E8E86A63}.Debug|Any CPU.Build.0 = Debug|Any CPU
		{26A011E1-B8FA-422D-B0A5-6342E8E86A63}.Release|Any CPU.ActiveCfg = Release|Any CPU
		{26A011E1-B8FA-422D-B0A5-6342E8E86A63}.Release|Any CPU.Build.0 = Release|Any CPU
	EndGlobalSection
	GlobalSection(SolutionProperties) = preSolution
		HideSolutionNode = FALSE
	EndGlobalSection
	GlobalSection(ExtensibilityGlobals) = postSolution
		SolutionGuid = {B0DFBA01-0DBE-48EA-A1C4-22C49928EA71}
	EndGlobalSection
EndGlobal
